
Microsoft Visual Studio Solution File, Format Version 10.00
# Visual Studio 2008
Project("{FAE04EC0-301F-11D3-BF4B-00C04F79EFBC}") = "SharepointUtilities", "SharepointUtilities\SharepointUtilities.csproj", "{419029AB-2A09-4EBC-8031-D5D2A04054A8}"
EndProject
Project("{FAE04EC0-301F-11D3-BF4B-00C04F79EFBC}") = "ConsoleTest", "ConsoleTest\ConsoleTest.csproj", "{186D2C11-DDEA-49A8-BBCD-FB493DE38E17}"
EndProject
Global
	GlobalSection(SubversionScc) = preSolution
		Svn-Managed = True
		Manager = AnkhSVN - Subversion Support for Visual Studio
	EndGlobalSection
	GlobalSection(SolutionConfigurationPlatforms) = preSolution
		Debug|.NET = Debug|.NET
		Debug|Any CPU = Debug|Any CPU
		Debug|Mixed Platforms = Debug|Mixed Platforms
		Release|.NET = Release|.NET
		Release|Any CPU = Release|Any CPU
		Release|Mixed Platforms = Release|Mixed Platforms
	EndGlobalSection
	GlobalSection(ProjectConfigurationPlatforms) = postSolution
		{419029AB-2A09-4EBC-8031-D5D2A04054A8}.Debug|.NET.ActiveCfg = Debug|Any CPU
		{419029AB-2A09-4EBC-8031-D5D2A04054A8}.Debug|Any CPU.ActiveCfg = Debug|Any CPU
		{419029AB-2A09-4EBC-8031-D5D2A04054A8}.Debug|Any CPU.Build.0 = Debug|Any CPU
		{419029AB-2A09-4EBC-8031-D5D2A04054A8}.Debug|Mixed Platforms.ActiveCfg = Debug|Any CPU
		{419029AB-2A09-4EBC-8031-D5D2A04054A8}.Debug|Mixed Platforms.Build.0 = Debug|Any CPU
		{419029AB-2A09-4EBC-8031-D5D2A04054A8}.Release|.NET.ActiveCfg = Release|Any CPU
		{419029AB-2A09-4EBC-8031-D5D2A04054A8}.Release|Any CPU.ActiveCfg = Release|Any CPU
		{419029AB-2A09-4EBC-8031-D5D2A04054A8}.Release|Any CPU.Build.0 = Release|Any CPU
		{419029AB-2A09-4EBC-8031-D5D2A04054A8}.Release|Mixed Platforms.ActiveCfg = Release|Any CPU
		{419029AB-2A09-4EBC-8031-D5D2A04054A8}.Release|Mixed Platforms.Build.0 = Release|Any CPU
		{186D2C11-DDEA-49A8-BBCD-FB493DE38E17}.Debug|.NET.ActiveCfg = Debug|Any CPU
		{186D2C11-DDEA-49A8-BBCD-FB493DE38E17}.Debug|Any CPU.ActiveCfg = Debug|Any CPU
		{186D2C11-DDEA-49A8-BBCD-FB493DE38E17}.Debug|Any CPU.Build.0 = Debug|Any CPU
		{186D2C11-DDEA-49A8-BBCD-FB493DE38E17}.Debug|Mixed Platforms.ActiveCfg = Debug|Any CPU
		{186D2C11-DDEA-49A8-BBCD-FB493DE38E17}.Debug|Mixed Platforms.Build.0 = Debug|Any CPU
		{186D2C11-DDEA-49A8-BBCD-FB493DE38E17}.Release|.NET.ActiveCfg = Release|Any CPU
		{186D2C11-DDEA-49A8-BBCD-FB493DE38E17}.Release|Any CPU.ActiveCfg = Release|Any CPU
		{186D2C11-DDEA-49A8-BBCD-FB493DE38E17}.Release|Any CPU.Build.0 = Release|Any CPU
		{186D2C11-DDEA-49A8-BBCD-FB493DE38E17}.Release|Mixed Platforms.ActiveCfg = Release|Any CPU
		{186D2C11-DDEA-49A8-BBCD-FB493DE38E17}.Release|Mixed Platforms.Build.0 = Release|Any CPU
	EndGlobalSection
	GlobalSection(SolutionProperties) = preSolution
		HideSolutionNode = FALSE
	EndGlobalSection
EndGlobal
