Microsoft Visual Studio Solution File, Format Version 10.00
# Visual Studio 2008
Project("{FAE04EC0-301F-11D3-BF4B-00C04F79EFBC}") = "Infocorp.TITA.OutlookSharePoint", "Infocorp.TITA.OutlookSharePoint\Infocorp.TITA.OutlookSharePoint.csproj", "{BB917604-4669-4C42-90CD-B919E80EC0AB}"
EndProject
Project("{FAE04EC0-301F-11D3-BF4B-00C04F79EFBC}") = "Infocorp.TITA.SharePointUtilities", "Infocorp.TITA.SharePointUtilities\Infocorp.TITA.SharePointUtilities.csproj", "{B221BE03-AFBF-4A2A-A1D6-EE0302AA55A8}"
EndProject
Project("{FAE04EC0-301F-11D3-BF4B-00C04F79EFBC}") = "Infocorp.TITA.DataTypes", "Infocorp.TITA.DataTypes\Infocorp.TITA.DataTypes.csproj", "{FC4C3770-4D7F-4B3F-A9F1-6E541B3AEE72}"
EndProject
Project("{FAE04EC0-301F-11D3-BF4B-00C04F79EFBC}") = "Infocorp.TITA.Test", "Infocorp.TITA.Test\Infocorp.TITA.Test.csproj", "{2BC819FC-C780-47C9-93B9-C463726447EF}"
EndProject
Project("{FAE04EC0-301F-11D3-BF4B-00C04F79EFBC}") = "Infocorp.TITA.SilverlightUI", "Infocorp.TITA.SilverlightUI\Infocorp.TITA.SilverlightUI.csproj", "{E878AFE4-21F8-4025-BFF9-E7CB036B8A46}"
EndProject
Project("{E24C65DC-7377-472B-9ABA-BC803B73C61A}") = "Infocorp.TITA.SilverlightUIWeb", "Infocorp.TITA.SilverlightUIWeb\", "{997164DE-B757-4995-9C67-BA3CAADE8F7D}"
	ProjectSection(WebsiteProperties) = preProject
		SccProjectName = "Svn"
		SccAuxPath = "Svn"
		SccLocalPath = "Svn"
		SccProvider = "SubversionScc"
		TargetFramework = "3.5"
		ProjectReferences = "{FC4C3770-4D7F-4B3F-A9F1-6E541B3AEE72}|Infocorp.TITA.DataTypes.dll;{DC0F0C14-089E-4145-96EE-0E6D47B95C1B}|Infocorp.TITA.WITLogic.dll;{B221BE03-AFBF-4A2A-A1D6-EE0302AA55A8}|Infocorp.TITA.SharePointUtilities.dll;"
		Debug.AspNetCompiler.VirtualPath = "/Infocorp.TITA.SilverlightUIWeb"
		Debug.AspNetCompiler.PhysicalPath = "Infocorp.TITA.SilverlightUIWeb\"
		Debug.AspNetCompiler.TargetPath = "PrecompiledWeb\Infocorp.TITA.SilverlightUIWeb\"
		Debug.AspNetCompiler.Updateable = "true"
		Debug.AspNetCompiler.ForceOverwrite = "true"
		Debug.AspNetCompiler.FixedNames = "false"
		Debug.AspNetCompiler.Debug = "True"
		Release.AspNetCompiler.VirtualPath = "/Infocorp.TITA.SilverlightUIWeb"
		Release.AspNetCompiler.PhysicalPath = "Infocorp.TITA.SilverlightUIWeb\"
		Release.AspNetCompiler.TargetPath = "PrecompiledWeb\Infocorp.TITA.SilverlightUIWeb\"
		Release.AspNetCompiler.Updateable = "true"
		Release.AspNetCompiler.ForceOverwrite = "true"
		Release.AspNetCompiler.FixedNames = "false"
		Release.AspNetCompiler.Debug = "False"
		VWDPort = "2030"
		DefaultWebSiteLanguage = "Visual C#"
	EndProjectSection
EndProject
Project("{FAE04EC0-301F-11D3-BF4B-00C04F79EFBC}") = "Infocorp.TITA.WITLogic", "Infocorp.TITA.WITLogic\Infocorp.TITA.WITLogic.csproj", "{DC0F0C14-089E-4145-96EE-0E6D47B95C1B}"
EndProject
Project("{FAE04EC0-301F-11D3-BF4B-00C04F79EFBC}") = "infocorp.TITA.DataBasesAcces", "infocorp.TITA.DataBasesAcces\infocorp.TITA.DataBasesAcces.csproj", "{0C09FD6B-D473-4D61-B935-33C986F371D6}"
EndProject
Project("{2150E333-8FDC-42A3-9474-1A3956D46DE8}") = "Presentation", "Presentation", "{F6116409-CDBA-407C-B0D9-7FF6D5A10651}"
EndProject
Project("{2150E333-8FDC-42A3-9474-1A3956D46DE8}") = "Logic", "Logic", "{CDB4B14E-6DE8-4706-815E-FED4FFBDD481}"
EndProject
Project("{2150E333-8FDC-42A3-9474-1A3956D46DE8}") = "Data Access", "Data Access", "{8CF40645-4168-46A5-854C-1B30F58F33B4}"
EndProject
Project("{2150E333-8FDC-42A3-9474-1A3956D46DE8}") = "Common", "Common", "{5638C095-FCAE-40B0-BF99-D45D40BDD39A}"
EndProject
Project("{FAE04EC0-301F-11D3-BF4B-00C04F79EFBC}") = "Infocorp.TITA.OutlookAddIn", "Infocorp.TITA.OutlookAddIn\Infocorp.TITA.OutlookAddIn.csproj", "{03BE9197-CB4F-4FF5-BC7F-BA6D3E94681E}"
EndProject
Project("{FAE04EC0-301F-11D3-BF4B-00C04F79EFBC}") = "Infocorp.TITA.WpfOutlookAddin", "Infocorp.TITA.WpfOutlookAddin\Infocorp.TITA.WpfOutlookAddin.csproj", "{7684171B-311E-4008-9645-D8EE1BF203CF}"
EndProject
Global
	GlobalSection(SolutionConfigurationPlatforms) = preSolution
		Debug|.NET = Debug|.NET
		Debug|Any CPU = Debug|Any CPU
		Debug|Mixed Platforms = Debug|Mixed Platforms
		Release|.NET = Release|.NET
		Release|Any CPU = Release|Any CPU
		Release|Mixed Platforms = Release|Mixed Platforms
	EndGlobalSection
	GlobalSection(ProjectConfigurationPlatforms) = postSolution
		{BB917604-4669-4C42-90CD-B919E80EC0AB}.Debug|.NET.ActiveCfg = Debug|Any CPU
		{BB917604-4669-4C42-90CD-B919E80EC0AB}.Debug|Any CPU.ActiveCfg = Debug|Any CPU
		{BB917604-4669-4C42-90CD-B919E80EC0AB}.Debug|Any CPU.Build.0 = Debug|Any CPU
		{BB917604-4669-4C42-90CD-B919E80EC0AB}.Debug|Mixed Platforms.ActiveCfg = Debug|Any CPU
		{BB917604-4669-4C42-90CD-B919E80EC0AB}.Debug|Mixed Platforms.Build.0 = Debug|Any CPU
		{BB917604-4669-4C42-90CD-B919E80EC0AB}.Release|.NET.ActiveCfg = Release|Any CPU
		{BB917604-4669-4C42-90CD-B919E80EC0AB}.Release|Any CPU.ActiveCfg = Release|Any CPU
		{BB917604-4669-4C42-90CD-B919E80EC0AB}.Release|Any CPU.Build.0 = Release|Any CPU
		{BB917604-4669-4C42-90CD-B919E80EC0AB}.Release|Mixed Platforms.ActiveCfg = Release|Any CPU
		{BB917604-4669-4C42-90CD-B919E80EC0AB}.Release|Mixed Platforms.Build.0 = Release|Any CPU
		{B221BE03-AFBF-4A2A-A1D6-EE0302AA55A8}.Debug|.NET.ActiveCfg = Debug|Any CPU
		{B221BE03-AFBF-4A2A-A1D6-EE0302AA55A8}.Debug|Any CPU.ActiveCfg = Debug|Any CPU
		{B221BE03-AFBF-4A2A-A1D6-EE0302AA55A8}.Debug|Any CPU.Build.0 = Debug|Any CPU
		{B221BE03-AFBF-4A2A-A1D6-EE0302AA55A8}.Debug|Mixed Platforms.ActiveCfg = Debug|Any CPU
		{B221BE03-AFBF-4A2A-A1D6-EE0302AA55A8}.Debug|Mixed Platforms.Build.0 = Debug|Any CPU
		{B221BE03-AFBF-4A2A-A1D6-EE0302AA55A8}.Release|.NET.ActiveCfg = Release|Any CPU
		{B221BE03-AFBF-4A2A-A1D6-EE0302AA55A8}.Release|Any CPU.ActiveCfg = Release|Any CPU
		{B221BE03-AFBF-4A2A-A1D6-EE0302AA55A8}.Release|Any CPU.Build.0 = Release|Any CPU
		{B221BE03-AFBF-4A2A-A1D6-EE0302AA55A8}.Release|Mixed Platforms.ActiveCfg = Release|Any CPU
		{B221BE03-AFBF-4A2A-A1D6-EE0302AA55A8}.Release|Mixed Platforms.Build.0 = Release|Any CPU
		{FC4C3770-4D7F-4B3F-A9F1-6E541B3AEE72}.Debug|.NET.ActiveCfg = Debug|Any CPU
		{FC4C3770-4D7F-4B3F-A9F1-6E541B3AEE72}.Debug|Any CPU.ActiveCfg = Debug|Any CPU
		{FC4C3770-4D7F-4B3F-A9F1-6E541B3AEE72}.Debug|Any CPU.Build.0 = Debug|Any CPU
		{FC4C3770-4D7F-4B3F-A9F1-6E541B3AEE72}.Debug|Mixed Platforms.ActiveCfg = Debug|Any CPU
		{FC4C3770-4D7F-4B3F-A9F1-6E541B3AEE72}.Debug|Mixed Platforms.Build.0 = Debug|Any CPU
		{FC4C3770-4D7F-4B3F-A9F1-6E541B3AEE72}.Release|.NET.ActiveCfg = Release|Any CPU
		{FC4C3770-4D7F-4B3F-A9F1-6E541B3AEE72}.Release|Any CPU.ActiveCfg = Release|Any CPU
		{FC4C3770-4D7F-4B3F-A9F1-6E541B3AEE72}.Release|Any CPU.Build.0 = Release|Any CPU
		{FC4C3770-4D7F-4B3F-A9F1-6E541B3AEE72}.Release|Mixed Platforms.ActiveCfg = Release|Any CPU
		{FC4C3770-4D7F-4B3F-A9F1-6E541B3AEE72}.Release|Mixed Platforms.Build.0 = Release|Any CPU
		{2BC819FC-C780-47C9-93B9-C463726447EF}.Debug|.NET.ActiveCfg = Debug|Any CPU
		{2BC819FC-C780-47C9-93B9-C463726447EF}.Debug|Any CPU.ActiveCfg = Debug|Any CPU
		{2BC819FC-C780-47C9-93B9-C463726447EF}.Debug|Any CPU.Build.0 = Debug|Any CPU
		{2BC819FC-C780-47C9-93B9-C463726447EF}.Debug|Mixed Platforms.ActiveCfg = Debug|Any CPU
		{2BC819FC-C780-47C9-93B9-C463726447EF}.Release|.NET.ActiveCfg = Release|Any CPU
		{2BC819FC-C780-47C9-93B9-C463726447EF}.Release|Any CPU.ActiveCfg = Release|Any CPU
		{2BC819FC-C780-47C9-93B9-C463726447EF}.Release|Any CPU.Build.0 = Release|Any CPU
		{2BC819FC-C780-47C9-93B9-C463726447EF}.Release|Mixed Platforms.ActiveCfg = Release|Any CPU
		{E878AFE4-21F8-4025-BFF9-E7CB036B8A46}.Debug|.NET.ActiveCfg = Debug|Any CPU
		{E878AFE4-21F8-4025-BFF9-E7CB036B8A46}.Debug|Any CPU.ActiveCfg = Debug|Any CPU
		{E878AFE4-21F8-4025-BFF9-E7CB036B8A46}.Debug|Any CPU.Build.0 = Debug|Any CPU
		{E878AFE4-21F8-4025-BFF9-E7CB036B8A46}.Debug|Mixed Platforms.ActiveCfg = Debug|Any CPU
		{E878AFE4-21F8-4025-BFF9-E7CB036B8A46}.Debug|Mixed Platforms.Build.0 = Debug|Any CPU
		{E878AFE4-21F8-4025-BFF9-E7CB036B8A46}.Release|.NET.ActiveCfg = Release|Any CPU
		{E878AFE4-21F8-4025-BFF9-E7CB036B8A46}.Release|Any CPU.ActiveCfg = Release|Any CPU
		{E878AFE4-21F8-4025-BFF9-E7CB036B8A46}.Release|Any CPU.Build.0 = Release|Any CPU
		{E878AFE4-21F8-4025-BFF9-E7CB036B8A46}.Release|Mixed Platforms.ActiveCfg = Release|Any CPU
		{E878AFE4-21F8-4025-BFF9-E7CB036B8A46}.Release|Mixed Platforms.Build.0 = Release|Any CPU
		{997164DE-B757-4995-9C67-BA3CAADE8F7D}.Debug|.NET.ActiveCfg = Debug|.NET
		{997164DE-B757-4995-9C67-BA3CAADE8F7D}.Debug|.NET.Build.0 = Debug|.NET
		{997164DE-B757-4995-9C67-BA3CAADE8F7D}.Debug|Any CPU.ActiveCfg = Debug|.NET
		{997164DE-B757-4995-9C67-BA3CAADE8F7D}.Debug|Mixed Platforms.ActiveCfg = Debug|.NET
		{997164DE-B757-4995-9C67-BA3CAADE8F7D}.Debug|Mixed Platforms.Build.0 = Debug|.NET
		{997164DE-B757-4995-9C67-BA3CAADE8F7D}.Release|.NET.ActiveCfg = Debug|.NET
		{997164DE-B757-4995-9C67-BA3CAADE8F7D}.Release|.NET.Build.0 = Debug|.NET
		{997164DE-B757-4995-9C67-BA3CAADE8F7D}.Release|Any CPU.ActiveCfg = Debug|.NET
		{997164DE-B757-4995-9C67-BA3CAADE8F7D}.Release|Mixed Platforms.ActiveCfg = Debug|.NET
		{997164DE-B757-4995-9C67-BA3CAADE8F7D}.Release|Mixed Platforms.Build.0 = Debug|.NET
		{DC0F0C14-089E-4145-96EE-0E6D47B95C1B}.Debug|.NET.ActiveCfg = Debug|Any CPU
		{DC0F0C14-089E-4145-96EE-0E6D47B95C1B}.Debug|Any CPU.ActiveCfg = Debug|Any CPU
		{DC0F0C14-089E-4145-96EE-0E6D47B95C1B}.Debug|Any CPU.Build.0 = Debug|Any CPU
		{DC0F0C14-089E-4145-96EE-0E6D47B95C1B}.Debug|Mixed Platforms.ActiveCfg = Debug|Any CPU
		{DC0F0C14-089E-4145-96EE-0E6D47B95C1B}.Debug|Mixed Platforms.Build.0 = Debug|Any CPU
		{DC0F0C14-089E-4145-96EE-0E6D47B95C1B}.Release|.NET.ActiveCfg = Release|Any CPU
		{DC0F0C14-089E-4145-96EE-0E6D47B95C1B}.Release|Any CPU.ActiveCfg = Release|Any CPU
		{DC0F0C14-089E-4145-96EE-0E6D47B95C1B}.Release|Any CPU.Build.0 = Release|Any CPU
		{DC0F0C14-089E-4145-96EE-0E6D47B95C1B}.Release|Mixed Platforms.ActiveCfg = Release|Any CPU
		{DC0F0C14-089E-4145-96EE-0E6D47B95C1B}.Release|Mixed Platforms.Build.0 = Release|Any CPU
		{0C09FD6B-D473-4D61-B935-33C986F371D6}.Debug|.NET.ActiveCfg = Debug|Any CPU
		{0C09FD6B-D473-4D61-B935-33C986F371D6}.Debug|Any CPU.ActiveCfg = Debug|Any CPU
		{0C09FD6B-D473-4D61-B935-33C986F371D6}.Debug|Any CPU.Build.0 = Debug|Any CPU
		{0C09FD6B-D473-4D61-B935-33C986F371D6}.Debug|Mixed Platforms.ActiveCfg = Debug|Any CPU
		{0C09FD6B-D473-4D61-B935-33C986F371D6}.Debug|Mixed Platforms.Build.0 = Debug|Any CPU
		{0C09FD6B-D473-4D61-B935-33C986F371D6}.Release|.NET.ActiveCfg = Release|Any CPU
		{0C09FD6B-D473-4D61-B935-33C986F371D6}.Release|Any CPU.ActiveCfg = Release|Any CPU
		{0C09FD6B-D473-4D61-B935-33C986F371D6}.Release|Any CPU.Build.0 = Release|Any CPU
		{0C09FD6B-D473-4D61-B935-33C986F371D6}.Release|Mixed Platforms.ActiveCfg = Release|Any CPU
		{0C09FD6B-D473-4D61-B935-33C986F371D6}.Release|Mixed Platforms.Build.0 = Release|Any CPU
		{03BE9197-CB4F-4FF5-BC7F-BA6D3E94681E}.Debug|.NET.ActiveCfg = Debug|Any CPU
		{03BE9197-CB4F-4FF5-BC7F-BA6D3E94681E}.Debug|Any CPU.ActiveCfg = Debug|Any CPU
		{03BE9197-CB4F-4FF5-BC7F-BA6D3E94681E}.Debug|Any CPU.Build.0 = Debug|Any CPU
		{03BE9197-CB4F-4FF5-BC7F-BA6D3E94681E}.Debug|Mixed Platforms.ActiveCfg = Debug|Any CPU
		{03BE9197-CB4F-4FF5-BC7F-BA6D3E94681E}.Debug|Mixed Platforms.Build.0 = Debug|Any CPU
		{03BE9197-CB4F-4FF5-BC7F-BA6D3E94681E}.Release|.NET.ActiveCfg = Release|Any CPU
		{03BE9197-CB4F-4FF5-BC7F-BA6D3E94681E}.Release|Any CPU.ActiveCfg = Release|Any CPU
		{03BE9197-CB4F-4FF5-BC7F-BA6D3E94681E}.Release|Any CPU.Build.0 = Release|Any CPU
		{03BE9197-CB4F-4FF5-BC7F-BA6D3E94681E}.Release|Mixed Platforms.ActiveCfg = Release|Any CPU
		{03BE9197-CB4F-4FF5-BC7F-BA6D3E94681E}.Release|Mixed Platforms.Build.0 = Release|Any CPU
		{7684171B-311E-4008-9645-D8EE1BF203CF}.Debug|.NET.ActiveCfg = Debug|Any CPU
		{7684171B-311E-4008-9645-D8EE1BF203CF}.Debug|Any CPU.ActiveCfg = Debug|Any CPU
		{7684171B-311E-4008-9645-D8EE1BF203CF}.Debug|Any CPU.Build.0 = Debug|Any CPU
		{7684171B-311E-4008-9645-D8EE1BF203CF}.Debug|Mixed Platforms.ActiveCfg = Debug|Any CPU
		{7684171B-311E-4008-9645-D8EE1BF203CF}.Debug|Mixed Platforms.Build.0 = Debug|Any CPU
		{7684171B-311E-4008-9645-D8EE1BF203CF}.Release|.NET.ActiveCfg = Release|Any CPU
		{7684171B-311E-4008-9645-D8EE1BF203CF}.Release|Any CPU.ActiveCfg = Release|Any CPU
		{7684171B-311E-4008-9645-D8EE1BF203CF}.Release|Any CPU.Build.0 = Release|Any CPU
		{7684171B-311E-4008-9645-D8EE1BF203CF}.Release|Mixed Platforms.ActiveCfg = Release|Any CPU
		{7684171B-311E-4008-9645-D8EE1BF203CF}.Release|Mixed Platforms.Build.0 = Release|Any CPU
	EndGlobalSection
	GlobalSection(SolutionProperties) = preSolution
		HideSolutionNode = FALSE
	EndGlobalSection
	GlobalSection(NestedProjects) = preSolution
		{B221BE03-AFBF-4A2A-A1D6-EE0302AA55A8} = {8CF40645-4168-46A5-854C-1B30F58F33B4}
		{0C09FD6B-D473-4D61-B935-33C986F371D6} = {8CF40645-4168-46A5-854C-1B30F58F33B4}
		{BB917604-4669-4C42-90CD-B919E80EC0AB} = {8CF40645-4168-46A5-854C-1B30F58F33B4}
		{FC4C3770-4D7F-4B3F-A9F1-6E541B3AEE72} = {5638C095-FCAE-40B0-BF99-D45D40BDD39A}
		{997164DE-B757-4995-9C67-BA3CAADE8F7D} = {F6116409-CDBA-407C-B0D9-7FF6D5A10651}
		{E878AFE4-21F8-4025-BFF9-E7CB036B8A46} = {F6116409-CDBA-407C-B0D9-7FF6D5A10651}
		{7684171B-311E-4008-9645-D8EE1BF203CF} = {F6116409-CDBA-407C-B0D9-7FF6D5A10651}
		{03BE9197-CB4F-4FF5-BC7F-BA6D3E94681E} = {F6116409-CDBA-407C-B0D9-7FF6D5A10651}
		{DC0F0C14-089E-4145-96EE-0E6D47B95C1B} = {CDB4B14E-6DE8-4706-815E-FED4FFBDD481}
	EndGlobalSection
EndGlobal
